{
  "requires": true,
  "lockfileVersion": 1,
  "dependencies": {
    "asteroid-loading-spinner": {
      "version": "2.0.2",
      "resolved": "https://registry.npmjs.org/asteroid-loading-spinner/-/asteroid-loading-spinner-2.0.2.tgz",
      "integrity": "sha512-39iCUpKmhZJfBCHsjiTVcHUvqvlxGWuhNb2Cn7vAOrWfPIaf/eUTcttM5gYf0Ae5ld2qHw5REoOA8HA3CEa2Bg=="
    }
  }
}
